
Microsoft Visual Studio Solution File, Format Version 12.00
# Visual Studio Version 17
VisualStudioVersion = 17.4.33110.190
MinimumVisualStudioVersion = 10.0.40219.1
Project("{2150E333-8FDC-42A3-9474-1A3956D46DE8}") = "Core", "Core", "{3511B181-45D4-4FE6-BFFE-9B048F49B86F}"
EndProject
Project("{2150E333-8FDC-42A3-9474-1A3956D46DE8}") = "Infrastructure", "Infrastructure", "{8741F108-477A-489E-BA89-6DE53099C80E}"
EndProject
Project("{2150E333-8FDC-42A3-9474-1A3956D46DE8}") = "Presentation", "Presentation", "{2A8DD113-FE89-4BB8-8391-C828EC1F3A8E}"
EndProject
Project("{9A19103F-16F7-4668-BE54-9A1E7A4F7556}") = "Task4.Domain", "Task4.Domain\Task4.Domain.csproj", "{2AA77584-7E75-43DC-A2C4-A9D2EE012808}"
EndProject
Project("{9A19103F-16F7-4668-BE54-9A1E7A4F7556}") = "Task4.Application", "Task4.Application\Task4.Application.csproj", "{16FCD30E-6664-42A6-B07F-588E5A5B8C73}"
EndProject
Project("{9A19103F-16F7-4668-BE54-9A1E7A4F7556}") = "Task4.Persistence", "Task4.Persistence\Task4.Persistence.csproj", "{5EB2F35F-9342-4305-B350-489DE0023ABE}"
EndProject
Project("{9A19103F-16F7-4668-BE54-9A1E7A4F7556}") = "Task4.WebApi", "Task4.WebApi\Task4.WebApi.csproj", "{CFC8E73E-0799-4944-88A3-AA1E84A87EFC}"
EndProject
Project("{54A90642-561A-4BB1-A94E-469ADEE60C69}") = "Task4.ReactApp", "ReactApp\Task4.ReactApp.esproj", "{6CA5B95C-B1F0-44DE-B276-177D7EDC9058}"
EndProject
Global
	GlobalSection(SolutionConfigurationPlatforms) = preSolution
		Debug|Any CPU = Debug|Any CPU
		Release|Any CPU = Release|Any CPU
	EndGlobalSection
	GlobalSection(ProjectConfigurationPlatforms) = postSolution
		{2AA77584-7E75-43DC-A2C4-A9D2EE012808}.Debug|Any CPU.ActiveCfg = Debug|Any CPU
		{2AA77584-7E75-43DC-A2C4-A9D2EE012808}.Debug|Any CPU.Build.0 = Debug|Any CPU
		{2AA77584-7E75-43DC-A2C4-A9D2EE012808}.Release|Any CPU.ActiveCfg = Release|Any CPU
		{2AA77584-7E75-43DC-A2C4-A9D2EE012808}.Release|Any CPU.Build.0 = Release|Any CPU
		{16FCD30E-6664-42A6-B07F-588E5A5B8C73}.Debug|Any CPU.ActiveCfg = Debug|Any CPU
		{16FCD30E-6664-42A6-B07F-588E5A5B8C73}.Debug|Any CPU.Build.0 = Debug|Any CPU
		{16FCD30E-6664-42A6-B07F-588E5A5B8C73}.Release|Any CPU.ActiveCfg = Release|Any CPU
		{16FCD30E-6664-42A6-B07F-588E5A5B8C73}.Release|Any CPU.Build.0 = Release|Any CPU
		{5EB2F35F-9342-4305-B350-489DE0023ABE}.Debug|Any CPU.ActiveCfg = Debug|Any CPU
		{5EB2F35F-9342-4305-B350-489DE0023ABE}.Debug|Any CPU.Build.0 = Debug|Any CPU
		{5EB2F35F-9342-4305-B350-489DE0023ABE}.Release|Any CPU.ActiveCfg = Release|Any CPU
		{5EB2F35F-9342-4305-B350-489DE0023ABE}.Release|Any CPU.Build.0 = Release|Any CPU
		{CFC8E73E-0799-4944-88A3-AA1E84A87EFC}.Debug|Any CPU.ActiveCfg = Debug|Any CPU
		{CFC8E73E-0799-4944-88A3-AA1E84A87EFC}.Debug|Any CPU.Build.0 = Debug|Any CPU
		{CFC8E73E-0799-4944-88A3-AA1E84A87EFC}.Release|Any CPU.ActiveCfg = Release|Any CPU
		{CFC8E73E-0799-4944-88A3-AA1E84A87EFC}.Release|Any CPU.Build.0 = Release|Any CPU
		{6CA5B95C-B1F0-44DE-B276-177D7EDC9058}.Debug|Any CPU.ActiveCfg = Debug|Any CPU
		{6CA5B95C-B1F0-44DE-B276-177D7EDC9058}.Debug|Any CPU.Build.0 = Debug|Any CPU
		{6CA5B95C-B1F0-44DE-B276-177D7EDC9058}.Debug|Any CPU.Deploy.0 = Debug|Any CPU
		{6CA5B95C-B1F0-44DE-B276-177D7EDC9058}.Release|Any CPU.ActiveCfg = Release|Any CPU
		{6CA5B95C-B1F0-44DE-B276-177D7EDC9058}.Release|Any CPU.Build.0 = Release|Any CPU
		{6CA5B95C-B1F0-44DE-B276-177D7EDC9058}.Release|Any CPU.Deploy.0 = Release|Any CPU
	EndGlobalSection
	GlobalSection(SolutionProperties) = preSolution
		HideSolutionNode = FALSE
	EndGlobalSection
	GlobalSection(NestedProjects) = preSolution
		{2AA77584-7E75-43DC-A2C4-A9D2EE012808} = {3511B181-45D4-4FE6-BFFE-9B048F49B86F}
		{16FCD30E-6664-42A6-B07F-588E5A5B8C73} = {3511B181-45D4-4FE6-BFFE-9B048F49B86F}
		{5EB2F35F-9342-4305-B350-489DE0023ABE} = {8741F108-477A-489E-BA89-6DE53099C80E}
		{CFC8E73E-0799-4944-88A3-AA1E84A87EFC} = {2A8DD113-FE89-4BB8-8391-C828EC1F3A8E}
		{6CA5B95C-B1F0-44DE-B276-177D7EDC9058} = {2A8DD113-FE89-4BB8-8391-C828EC1F3A8E}
	EndGlobalSection
	GlobalSection(ExtensibilityGlobals) = postSolution
		SolutionGuid = {2F45E9EC-5D3D-47AF-B451-7BF5E25DCC99}
	EndGlobalSection
EndGlobal
